
Microsoft Visual Studio Solution File, Format Version 12.00
# Visual Studio Version 17
VisualStudioVersion = 17.2.32210.308
MinimumVisualStudioVersion = 10.0.40219.1
Project("{FAE04EC0-301F-11D3-BF4B-00C04F79EFBC}") = "Test", "Test\Test.csproj", "{CCE16577-A69F-4B39-8630-7135544DDCE7}"
EndProject
Global
	GlobalSection(SolutionConfigurationPlatforms) = preSolution
		Debug|Any CPU = Debug|Any CPU
		Release|Any CPU = Release|Any CPU
	EndGlobalSection
	GlobalSection(ProjectConfigurationPlatforms) = postSolution
		{CCE16577-A69F-4B39-8630-7135544DDCE7}.Debug|Any CPU.ActiveCfg = Debug|Any CPU
		{CCE16577-A69F-4B39-8630-7135544DDCE7}.Debug|Any CPU.Build.0 = Debug|Any CPU
		{CCE16577-A69F-4B39-8630-7135544DDCE7}.Release|Any CPU.ActiveCfg = Release|Any CPU
		{CCE16577-A69F-4B39-8630-7135544DDCE7}.Release|Any CPU.Build.0 = Release|Any CPU
	EndGlobalSection
	GlobalSection(SolutionProperties) = preSolution
		HideSolutionNode = FALSE
	EndGlobalSection
	GlobalSection(ExtensibilityGlobals) = postSolution
		SolutionGuid = {3E7B9890-1BFA-4027-95BA-8CE9AB0ADA72}
	EndGlobalSection
EndGlobal
